
Microsoft Visual Studio Solution File, Format Version 12.00
# Visual Studio Version 17
VisualStudioVersion = 17.3.32804.467
MinimumVisualStudioVersion = 10.0.40219.1
Project("{FAE04EC0-301F-11D3-BF4B-00C04F79EFBC}") = "DiceStartingPoint", "DiceStartingPoint\DiceStartingPoint.csproj", "{B287B9FC-E1B1-4084-AB5F-487188A15855}"
EndProject
Global
	GlobalSection(SolutionConfigurationPlatforms) = preSolution
		Debug|Any CPU = Debug|Any CPU
		Release|Any CPU = Release|Any CPU
	EndGlobalSection
	GlobalSection(ProjectConfigurationPlatforms) = postSolution
		{B287B9FC-E1B1-4084-AB5F-487188A15855}.Debug|Any CPU.ActiveCfg = Debug|Any CPU
		{B287B9FC-E1B1-4084-AB5F-487188A15855}.Debug|Any CPU.Build.0 = Debug|Any CPU
		{B287B9FC-E1B1-4084-AB5F-487188A15855}.Release|Any CPU.ActiveCfg = Release|Any CPU
		{B287B9FC-E1B1-4084-AB5F-487188A15855}.Release|Any CPU.Build.0 = Release|Any CPU
	EndGlobalSection
	GlobalSection(SolutionProperties) = preSolution
		HideSolutionNode = FALSE
	EndGlobalSection
	GlobalSection(ExtensibilityGlobals) = postSolution
		SolutionGuid = {FC2B9912-8237-46C4-9D94-EC4E04BF92E4}
	EndGlobalSection
EndGlobal
